// !$*UTF8*$!
{
	archiveVersion = 1;
	classes = {
	};
	objectVersion = 55;
	objects = {

/* Begin PBXBuildFile section */
		13478D30298EA1C900360311 /* AppDelegate.swift in Sources */ = {isa = PBXBuildFile; fileRef = 13478D2F298EA1C900360311 /* AppDelegate.swift */; };
		13478D32298EA1C900360311 /* SceneDelegate.swift in Sources */ = {isa = PBXBuildFile; fileRef = 13478D31298EA1C900360311 /* SceneDelegate.swift */; };
		13478D34298EA1C900360311 /* ViewController.swift in Sources */ = {isa = PBXBuildFile; fileRef = 13478D33298EA1C900360311 /* ViewController.swift */; };
		13478D37298EA1C900360311 /* Main.storyboard in Resources */ = {isa = PBXBuildFile; fileRef = 13478D35298EA1C900360311 /* Main.storyboard */; };
		13478D39298EA1CA00360311 /* Assets.xcassets in Resources */ = {isa = PBXBuildFile; fileRef = 13478D38298EA1CA00360311 /* Assets.xcassets */; };
		13478D3C298EA1CA00360311 /* LaunchScreen.storyboard in Resources */ = {isa = PBXBuildFile; fileRef = 13478D3A298EA1CA00360311 /* LaunchScreen.storyboard */; };
		13478D4B2990063B00360311 /* LocatioController.swift in Sources */ = {isa = PBXBuildFile; fileRef = 13478D4A2990063B00360311 /* LocatioController.swift */; };
		13478D4D29900AF700360311 /* App.swift in Sources */ = {isa = PBXBuildFile; fileRef = 13478D4C29900AF700360311 /* App.swift */; };
		13478D4F2990410500360311 /* WeatherController.swift in Sources */ = {isa = PBXBuildFile; fileRef = 13478D4E2990410500360311 /* WeatherController.swift */; };
		17540816831207C9A64A9A3A /* Pods_WeatherAppp.framework in Frameworks */ = {isa = PBXBuildFile; fileRef = 5313528BB7284378F21BE566 /* Pods_WeatherAppp.framework */; };
/* End PBXBuildFile section */

/* Begin PBXFileReference section */
		13478D2C298EA1C900360311 /* WeatherAppp.app */ = {isa = PBXFileReference; explicitFileType = wrapper.application; includeInIndex = 0; path = WeatherAppp.app; sourceTree = BUILT_PRODUCTS_DIR; };
		13478D2F298EA1C900360311 /* AppDelegate.swift */ = {isa = PBXFileReference; lastKnownFileType = sourcecode.swift; path = AppDelegate.swift; sourceTree = "<group>"; };
		13478D31298EA1C900360311 /* SceneDelegate.swift */ = {isa = PBXFileReference; lastKnownFileType = sourcecode.swift; path = SceneDelegate.swift; sourceTree = "<group>"; };
		13478D33298EA1C900360311 /* ViewController.swift */ = {isa = PBXFileReference; lastKnownFileType = sourcecode.swift; path = ViewController.swift; sourceTree = "<group>"; };
		13478D36298EA1C900360311 /* Base */ = {isa = PBXFileReference; lastKnownFileType = file.storyboard; name = Base; path = Base.lproj/Main.storyboard; sourceTree = "<group>"; };
		13478D38298EA1CA00360311 /* Assets.xcassets */ = {isa = PBXFileReference; lastKnownFileType = folder.assetcatalog; path = Assets.xcassets; sourceTree = "<group>"; };
		13478D3B298EA1CA00360311 /* Base */ = {isa = PBXFileReference; lastKnownFileType = file.storyboard; name = Base; path = Base.lproj/LaunchScreen.storyboard; sourceTree = "<group>"; };
		13478D3D298EA1CA00360311 /* Info.plist */ = {isa = PBXFileReference; lastKnownFileType = text.plist.xml; path = Info.plist; sourceTree = "<group>"; };
		13478D4A2990063B00360311 /* LocatioController.swift */ = {isa = PBXFileReference; lastKnownFileType = sourcecode.swift; path = LocatioController.swift; sourceTree = "<group>"; };
		13478D4C29900AF700360311 /* App.swift */ = {isa = PBXFileReference; lastKnownFileType = sourcecode.swift; path = App.swift; sourceTree = "<group>"; };
		13478D4E2990410500360311 /* WeatherController.swift */ = {isa = PBXFileReference; lastKnownFileType = sourcecode.swift; name = WeatherController.swift; path = ../../../WeatherController.swift; sourceTree = "<group>"; };
		5313528BB7284378F21BE566 /* Pods_WeatherAppp.framework */ = {isa = PBXFileReference; explicitFileType = wrapper.framework; includeInIndex = 0; path = Pods_WeatherAppp.framework; sourceTree = BUILT_PRODUCTS_DIR; };
		8FB9C30ECBF255D527531B3A /* Pods-WeatherAppp.release.xcconfig */ = {isa = PBXFileReference; includeInIndex = 1; lastKnownFileType = text.xcconfig; name = "Pods-WeatherAppp.release.xcconfig"; path = "Target Support Files/Pods-WeatherAppp/Pods-WeatherAppp.release.xcconfig"; sourceTree = "<group>"; };
		C7E623B54FEE1616472280B1 /* Pods-WeatherAppp.debug.xcconfig */ = {isa = PBXFileReference; includeInIndex = 1; lastKnownFileType = text.xcconfig; name = "Pods-WeatherAppp.debug.xcconfig"; path = "Target Support Files/Pods-WeatherAppp/Pods-WeatherAppp.debug.xcconfig"; sourceTree = "<group>"; };
/* End PBXFileReference section */

/* Begin PBXFrameworksBuildPhase section */
		13478D29298EA1C900360311 /* Frameworks */ = {
			isa = PBXFrameworksBuildPhase;
			buildActionMask = 2147483647;
			files = (
				17540816831207C9A64A9A3A /* Pods_WeatherAppp.framework in Frameworks */,
			);
			runOnlyForDeploymentPostprocessing = 0;
		};
/* End PBXFrameworksBuildPhase section */

/* Begin PBXGroup section */
		13478D23298EA1C900360311 = {
			isa = PBXGroup;
			children = (
				13478D2E298EA1C900360311 /* WeatherAppp */,
				13478D2D298EA1C900360311 /* Products */,
				54579842B07889FC732B2876 /* Pods */,
				9C72BB219CFB3746D5F017CC /* Frameworks */,
			);
			sourceTree = "<group>";
		};
		13478D2D298EA1C900360311 /* Products */ = {
			isa = PBXGroup;
			children = (
				13478D2C298EA1C900360311 /* WeatherAppp.app */,
			);
			name = Products;
			sourceTree = "<group>";
		};
		13478D2E298EA1C900360311 /* WeatherAppp */ = {
			isa = PBXGroup;
			children = (
				13478D2F298EA1C900360311 /* AppDelegate.swift */,
				13478D31298EA1C900360311 /* SceneDelegate.swift */,
				13478D49298FFEFD00360311 /* Controllers */,
				13478D33298EA1C900360311 /* ViewController.swift */,
				13478D35298EA1C900360311 /* Main.storyboard */,
				13478D38298EA1CA00360311 /* Assets.xcassets */,
				13478D3A298EA1CA00360311 /* LaunchScreen.storyboard */,
				13478D3D298EA1CA00360311 /* Info.plist */,
				13478D4C29900AF700360311 /* App.swift */,
			);
			path = WeatherAppp;
			sourceTree = "<group>";
		};
		13478D49298FFEFD00360311 /* Controllers */ = {
			isa = PBXGroup;
			children = (
				13478D4A2990063B00360311 /* LocatioController.swift */,
				13478D4E2990410500360311 /* WeatherController.swift */,
			);
			path = Controllers;
			sourceTree = "<group>";
		};
		54579842B07889FC732B2876 /* Pods */ = {
			isa = PBXGroup;
			children = (
				C7E623B54FEE1616472280B1 /* Pods-WeatherAppp.debug.xcconfig */,
				8FB9C30ECBF255D527531B3A /* Pods-WeatherAppp.release.xcconfig */,
			);
			path = Pods;
			sourceTree = "<group>";
		};
		9C72BB219CFB3746D5F017CC /* Frameworks */ = {
			isa = PBXGroup;
			children = (
				5313528BB7284378F21BE566 /* Pods_WeatherAppp.framework */,
			);
			name = Frameworks;
			sourceTree = "<group>";
		};
/* End PBXGroup section */

/* Begin PBXNativeTarget section */
		13478D2B298EA1C900360311 /* WeatherAppp */ = {
			isa = PBXNativeTarget;
			buildConfigurationList = 13478D40298EA1CA00360311 /* Build configuration list for PBXNativeTarget "WeatherAppp" */;
			buildPhases = (
				442AC3AC0EB4C30328B9B2C7 /* [CP] Check Pods Manifest.lock */,
				13478D28298EA1C900360311 /* Sources */,
				13478D29298EA1C900360311 /* Frameworks */,
				13478D2A298EA1C900360311 /* Resources */,
				420A733DC079AA05C4AED9C5 /* [CP] Copy Pods Resources */,
			);
			buildRules = (
			);
			dependencies = (
			);
			name = WeatherAppp;
			productName = WeatherAppp;
			productReference = 13478D2C298EA1C900360311 /* WeatherAppp.app */;
			productType = "com.apple.product-type.application";
		};
/* End PBXNativeTarget section */

/* Begin PBXProject section */
		13478D24298EA1C900360311 /* Project object */ = {
			isa = PBXProject;
			attributes = {
				BuildIndependentTargetsInParallel = 1;
				LastSwiftUpdateCheck = 1340;
				LastUpgradeCheck = 1340;
				TargetAttributes = {
					13478D2B298EA1C900360311 = {
						CreatedOnToolsVersion = 13.4.1;
					};
				};
			};
			buildConfigurationList = 13478D27298EA1C900360311 /* Build configuration list for PBXProject "WeatherAppp" */;
			compatibilityVersion = "Xcode 13.0";
			developmentRegion = en;
			hasScannedForEncodings = 0;
			knownRegions = (
				en,
				Base,
			);
			mainGroup = 13478D23298EA1C900360311;
			productRefGroup = 13478D2D298EA1C900360311 /* Products */;
			projectDirPath = "";
			projectRoot = "";
			targets = (
				13478D2B298EA1C900360311 /* WeatherAppp */,
			);
		};
/* End PBXProject section */

/* Begin PBXResourcesBuildPhase section */
		13478D2A298EA1C900360311 /* Resources */ = {
			isa = PBXResourcesBuildPhase;
			buildActionMask = 2147483647;
			files = (
				13478D3C298EA1CA00360311 /* LaunchScreen.storyboard in Resources */,
				13478D39298EA1CA00360311 /* Assets.xcassets in Resources */,
				13478D37298EA1C900360311 /* Main.storyboard in Resources */,
			);
			runOnlyForDeploymentPostprocessing = 0;
		};
/* End PBXResourcesBuildPhase section */

/* Begin PBXShellScriptBuildPhase section */
		420A733DC079AA05C4AED9C5 /* [CP] Copy Pods Resources */ = {
			isa = PBXShellScriptBuildPhase;
			buildActionMask = 2147483647;
			files = (
			);
			inputFileListPaths = (
				"${PODS_ROOT}/Target Support Files/Pods-WeatherAppp/Pods-WeatherAppp-resources-${CONFIGURATION}-input-files.xcfilelist",
			);
			name = "[CP] Copy Pods Resources";
			outputFileListPaths = (
				"${PODS_ROOT}/Target Support Files/Pods-WeatherAppp/Pods-WeatherAppp-resources-${CONFIGURATION}-output-files.xcfilelist",
			);
			runOnlyForDeploymentPostprocessing = 0;
			shellPath = /bin/sh;
			shellScript = "\"${PODS_ROOT}/Target Support Files/Pods-WeatherAppp/Pods-WeatherAppp-resources.sh\"\n";
			showEnvVarsInLog = 0;
		};
		442AC3AC0EB4C30328B9B2C7 /* [CP] Check Pods Manifest.lock */ = {
			isa = PBXShellScriptBuildPhase;
			buildActionMask = 2147483647;
			files = (
			);
			inputFileListPaths = (
			);
			inputPaths = (
				"${PODS_PODFILE_DIR_PATH}/Podfile.lock",
				"${PODS_ROOT}/Manifest.lock",
			);
			name = "[CP] Check Pods Manifest.lock";
			outputFileListPaths = (
			);
			outputPaths = (
				"$(DERIVED_FILE_DIR)/Pods-WeatherAppp-checkManifestLockResult.txt",
			);
			runOnlyForDeploymentPostprocessing = 0;
			shellPath = /bin/sh;
			shellScript = "diff \"${PODS_PODFILE_DIR_PATH}/Podfile.lock\" \"${PODS_ROOT}/Manifest.lock\" > /dev/null\nif [ $? != 0 ] ; then\n    # print error to STDERR\n    echo \"error: The sandbox is not in sync with the Podfile.lock. Run 'pod install' or update your CocoaPods installation.\" >&2\n    exit 1\nfi\n# This output is used by Xcode 'outputs' to avoid re-running this script phase.\necho \"SUCCESS\" > \"${SCRIPT_OUTPUT_FILE_0}\"\n";
			showEnvVarsInLog = 0;
		};
/* End PBXShellScriptBuildPhase section */

/* Begin PBXSourcesBuildPhase section */
		13478D28298EA1C900360311 /* Sources */ = {
			isa = PBXSourcesBuildPhase;
			buildActionMask = 2147483647;
			files = (
				13478D34298EA1C900360311 /* ViewController.swift in Sources */,
				13478D4B2990063B00360311 /* LocatioController.swift in Sources */,
				13478D4F2990410500360311 /* WeatherController.swift in Sources */,
				13478D30298EA1C900360311 /* AppDelegate.swift in Sources */,
				13478D4D29900AF700360311 /* App.swift in Sources */,
				13478D32298EA1C900360311 /* SceneDelegate.swift in Sources */,
			);
			runOnlyForDeploymentPostprocessing = 0;
		};
/* End PBXSourcesBuildPhase section */

/* Begin PBXVariantGroup section */
		13478D35298EA1C900360311 /* Main.storyboard */ = {
			isa = PBXVariantGroup;
			children = (
				13478D36298EA1C900360311 /* Base */,
			);
			name = Main.storyboard;
			sourceTree = "<group>";
		};
		13478D3A298EA1CA00360311 /* LaunchScreen.storyboard */ = {
			isa = PBXVariantGroup;
			children = (
				13478D3B298EA1CA00360311 /* Base */,
			);
			name = LaunchScreen.storyboard;
			sourceTree = "<group>";
		};
/* End PBXVariantGroup section */

/* Begin XCBuildConfiguration section */
		13478D3E298EA1CA00360311 /* Debug */ = {
			isa = XCBuildConfiguration;
			buildSettings = {
				ALWAYS_SEARCH_USER_PATHS = NO;
				CLANG_ANALYZER_NONNULL = YES;
				CLANG_ANALYZER_NUMBER_OBJECT_CONVERSION = YES_AGGRESSIVE;
				CLANG_CXX_LANGUAGE_STANDARD = "gnu++17";
				CLANG_ENABLE_MODULES = YES;
				CLANG_ENABLE_OBJC_ARC = YES;
				CLANG_ENABLE_OBJC_WEAK = YES;
				CLANG_WARN_BLOCK_CAPTURE_AUTORELEASING = YES;
				CLANG_WARN_BOOL_CONVERSION = YES;
				CLANG_WARN_COMMA = YES;
				CLANG_WARN_CONSTANT_CONVERSION = YES;
				CLANG_WARN_DEPRECATED_OBJC_IMPLEMENTATIONS = YES;
				CLANG_WARN_DIRECT_OBJC_ISA_USAGE = YES_ERROR;
				CLANG_WARN_DOCUMENTATION_COMMENTS = YES;
				CLANG_WARN_EMPTY_BODY = YES;
				CLANG_WARN_ENUM_CONVERSION = YES;
				CLANG_WARN_INFINITE_RECURSION = YES;
				CLANG_WARN_INT_CONVERSION = YES;
				CLANG_WARN_NON_LITERAL_NULL_CONVERSION = YES;
				CLANG_WARN_OBJC_IMPLICIT_RETAIN_SELF = YES;
				CLANG_WARN_OBJC_LITERAL_CONVERSION = YES;
				CLANG_WARN_OBJC_ROOT_CLASS = YES_ERROR;
				CLANG_WARN_QUOTED_INCLUDE_IN_FRAMEWORK_HEADER = YES;
				CLANG_WARN_RANGE_LOOP_ANALYSIS = YES;
				CLANG_WARN_STRICT_PROTOTYPES = YES;
				CLANG_WARN_SUSPICIOUS_MOVE = YES;
				CLANG_WARN_UNGUARDED_AVAILABILITY = YES_AGGRESSIVE;
				CLANG_WARN_UNREACHABLE_CODE = YES;
				CLANG_WARN__DUPLICATE_METHOD_MATCH = YES;
				COPY_PHASE_STRIP = NO;
				DEBUG_INFORMATION_FORMAT = dwarf;
				ENABLE_STRICT_OBJC_MSGSEND = YES;
				ENABLE_TESTABILITY = YES;
				GCC_C_LANGUAGE_STANDARD = gnu11;
				GCC_DYNAMIC_NO_PIC = NO;
				GCC_NO_COMMON_BLOCKS = YES;
				GCC_OPTIMIZATION_LEVEL = 0;
				GCC_PREPROCESSOR_DEFINITIONS = (
					"DEBUG=1",
					"$(inherited)",
				);
				GCC_WARN_64_TO_32_BIT_CONVERSION = YES;
				GCC_WARN_ABOUT_RETURN_TYPE = YES_ERROR;
				GCC_WARN_UNDECLARED_SELECTOR = YES;
				GCC_WARN_UNINITIALIZED_AUTOS = YES_AGGRESSIVE;
				GCC_WARN_UNUSED_FUNCTION = YES;
				GCC_WARN_UNUSED_VARIABLE = YES;
				IPHONEOS_DEPLOYMENT_TARGET = 15.5;
				MTL_ENABLE_DEBUG_INFO = INCLUDE_SOURCE;
				MTL_FAST_MATH = YES;
				ONLY_ACTIVE_ARCH = YES;
				SDKROOT = iphoneos;
				SWIFT_ACTIVE_COMPILATION_CONDITIONS = DEBUG;
				SWIFT_OPTIMIZATION_LEVEL = "-Onone";
			};
			name = Debug;
		};
		13478D3F298EA1CA00360311 /* Release */ = {
			isa = XCBuildConfiguration;
			buildSettings = {
				ALWAYS_SEARCH_USER_PATHS = NO;
				CLANG_ANALYZER_NONNULL = YES;
				CLANG_ANALYZER_NUMBER_OBJECT_CONVERSION = YES_AGGRESSIVE;
				CLANG_CXX_LANGUAGE_STANDARD = "gnu++17";
				CLANG_ENABLE_MODULES = YES;
				CLANG_ENABLE_OBJC_ARC = YES;
				CLANG_ENABLE_OBJC_WEAK = YES;
				CLANG_WARN_BLOCK_CAPTURE_AUTORELEASING = YES;
				CLANG_WARN_BOOL_CONVERSION = YES;
				CLANG_WARN_COMMA = YES;
				CLANG_WARN_CONSTANT_CONVERSION = YES;
				CLANG_WARN_DEPRECATED_OBJC_IMPLEMENTATIONS = YES;
				CLANG_WARN_DIRECT_OBJC_ISA_USAGE = YES_ERROR;
				CLANG_WARN_DOCUMENTATION_COMMENTS = YES;
				CLANG_WARN_EMPTY_BODY = YES;
				CLANG_WARN_ENUM_CONVERSION = YES;
				CLANG_WARN_INFINITE_RECURSION = YES;
				CLANG_WARN_INT_CONVERSION = YES;
				CLANG_WARN_NON_LITERAL_NULL_CONVERSION = YES;
				CLANG_WARN_OBJC_IMPLICIT_RETAIN_SELF = YES;
				CLANG_WARN_OBJC_LITERAL_CONVERSION = YES;
				CLANG_WARN_OBJC_ROOT_CLASS = YES_ERROR;
				CLANG_WARN_QUOTED_INCLUDE_IN_FRAMEWORK_HEADER = YES;
				CLANG_WARN_RANGE_LOOP_ANALYSIS = YES;
				CLANG_WARN_STRICT_PROTOTYPES = YES;
				CLANG_WARN_SUSPICIOUS_MOVE = YES;
				CLANG_WARN_UNGUARDED_AVAILABILITY = YES_AGGRESSIVE;
				CLANG_WARN_UNREACHABLE_CODE = YES;
				CLANG_WARN__DUPLICATE_METHOD_MATCH = YES;
				COPY_PHASE_STRIP = NO;
				DEBUG_INFORMATION_FORMAT = "dwarf-with-dsym";
				ENABLE_NS_ASSERTIONS = NO;
				ENABLE_STRICT_OBJC_MSGSEND = YES;
				GCC_C_LANGUAGE_STANDARD = gnu11;
				GCC_NO_COMMON_BLOCKS = YES;
				GCC_WARN_64_TO_32_BIT_CONVERSION = YES;
				GCC_WARN_ABOUT_RETURN_TYPE = YES_ERROR;
				GCC_WARN_UNDECLARED_SELECTOR = YES;
				GCC_WARN_UNINITIALIZED_AUTOS = YES_AGGRESSIVE;
				GCC_WARN_UNUSED_FUNCTION = YES;
				GCC_WARN_UNUSED_VARIABLE = YES;
				IPHONEOS_DEPLOYMENT_TARGET = 15.5;
				MTL_ENABLE_DEBUG_INFO = NO;
				MTL_FAST_MATH = YES;
				SDKROOT = iphoneos;
				SWIFT_COMPILATION_MODE = wholemodule;
				SWIFT_OPTIMIZATION_LEVEL = "-O";
				VALIDATE_PRODUCT = YES;
			};
			name = Release;
		};
		13478D41298EA1CA00360311 /* Debug */ = {
			isa = XCBuildConfiguration;
			baseConfigurationReference = C7E623B54FEE1616472280B1 /* Pods-WeatherAppp.debug.xcconfig */;
			buildSettings = {
				ASSETCATALOG_COMPILER_APPICON_NAME = AppIcon;
				ASSETCATALOG_COMPILER_GLOBAL_ACCENT_COLOR_NAME = AccentColor;
				CODE_SIGN_STYLE = Automatic;
				CURRENT_PROJECT_VERSION = 1;
				GENERATE_INFOPLIST_FILE = YES;
				INFOPLIST_FILE = WeatherAppp/Info.plist;
				INFOPLIST_KEY_UIApplicationSupportsIndirectInputEvents = YES;
				INFOPLIST_KEY_UILaunchStoryboardName = LaunchScreen;
				INFOPLIST_KEY_UIMainStoryboardFile = Main;
				INFOPLIST_KEY_UISupportedInterfaceOrientations_iPad = "UIInterfaceOrientationPortrait UIInterfaceOrientationPortraitUpsideDown UIInterfaceOrientationLandscapeLeft UIInterfaceOrientationLandscapeRight";
				INFOPLIST_KEY_UISupportedInterfaceOrientations_iPhone = "UIInterfaceOrientationPortrait UIInterfaceOrientationLandscapeLeft UIInterfaceOrientationLandscapeRight";
				LD_RUNPATH_SEARCH_PATHS = (
					"$(inherited)",
					"@executable_path/Frameworks",
				);
				MARKETING_VERSION = 1.0;
				PRODUCT_BUNDLE_IDENTIFIER = me.WeatherAppp;
				PRODUCT_NAME = "$(TARGET_NAME)";
				SWIFT_EMIT_LOC_STRINGS = YES;
				SWIFT_VERSION = 5.0;
				TARGETED_DEVICE_FAMILY = "1,2";
			};
			name = Debug;
		};
		13478D42298EA1CA00360311 /* Release */ = {
			isa = XCBuildConfiguration;
			baseConfigurationReference = 8FB9C30ECBF255D527531B3A /* Pods-WeatherAppp.release.xcconfig */;
			buildSettings = {
				ASSETCATALOG_COMPILER_APPICON_NAME = AppIcon;
				ASSETCATALOG_COMPILER_GLOBAL_ACCENT_COLOR_NAME = AccentColor;
				CODE_SIGN_STYLE = Automatic;
				CURRENT_PROJECT_VERSION = 1;
				GENERATE_INFOPLIST_FILE = YES;
				INFOPLIST_FILE = WeatherAppp/Info.plist;
				INFOPLIST_KEY_UIApplicationSupportsIndirectInputEvents = YES;
				INFOPLIST_KEY_UILaunchStoryboardName = LaunchScreen;
				INFOPLIST_KEY_UIMainStoryboardFile = Main;
				INFOPLIST_KEY_UISupportedInterfaceOrientations_iPad = "UIInterfaceOrientationPortrait UIInterfaceOrientationPortraitUpsideDown UIInterfaceOrientationLandscapeLeft UIInterfaceOrientationLandscapeRight";
				INFOPLIST_KEY_UISupportedInterfaceOrientations_iPhone = "UIInterfaceOrientationPortrait UIInterfaceOrientationLandscapeLeft UIInterfaceOrientationLandscapeRight";
				LD_RUNPATH_SEARCH_PATHS = (
					"$(inherited)",
					"@executable_path/Frameworks",
				);
				MARKETING_VERSION = 1.0;
				PRODUCT_BUNDLE_IDENTIFIER = me.WeatherAppp;
				PRODUCT_NAME = "$(TARGET_NAME)";
				SWIFT_EMIT_LOC_STRINGS = YES;
				SWIFT_VERSION = 5.0;
				TARGETED_DEVICE_FAMILY = "1,2";
			};
			name = Release;
		};
/* End XCBuildConfiguration section */

/* Begin XCConfigurationList section */
		13478D27298EA1C900360311 /* Build configuration list for PBXProject "WeatherAppp" */ = {
			isa = XCConfigurationList;
			buildConfigurations = (
				13478D3E298EA1CA00360311 /* Debug */,
				13478D3F298EA1CA00360311 /* Release */,
			);
			defaultConfigurationIsVisible = 0;
			defaultConfigurationName = Release;
		};
		13478D40298EA1CA00360311 /* Build configuration list for PBXNativeTarget "WeatherAppp" */ = {
			isa = XCConfigurationList;
			buildConfigurations = (
				13478D41298EA1CA00360311 /* Debug */,
				13478D42298EA1CA00360311 /* Release */,
			);
			defaultConfigurationIsVisible = 0;
			defaultConfigurationName = Release;
		};
/* End XCConfigurationList section */
	};
	rootObject = 13478D24298EA1C900360311 /* Project object */;
}
